// !$*UTF8*$!
{
	archiveVersion = 1;
	classes = {
	};
	objectVersion = 56;
	objects = {

/* Begin PBXBuildFile section */
		F327113C29F2C35200D2F047 /* GithubApp.swift in Sources */ = {isa = PBXBuildFile; fileRef = F327113B29F2C35200D2F047 /* GithubApp.swift */; };
		F327113E29F2C35200D2F047 /* Persistence.swift in Sources */ = {isa = PBXBuildFile; fileRef = F327113D29F2C35200D2F047 /* Persistence.swift */; };
		F327114129F2C35200D2F047 /* Github.xcdatamodeld in Sources */ = {isa = PBXBuildFile; fileRef = F327113F29F2C35200D2F047 /* Github.xcdatamodeld */; };
		F327114329F2C35200D2F047 /* ContentView.swift in Sources */ = {isa = PBXBuildFile; fileRef = F327114229F2C35200D2F047 /* ContentView.swift */; };
		F327114529F2C35400D2F047 /* Assets.xcassets in Resources */ = {isa = PBXBuildFile; fileRef = F327114429F2C35400D2F047 /* Assets.xcassets */; };
		F327114929F2C35400D2F047 /* Preview Assets.xcassets in Resources */ = {isa = PBXBuildFile; fileRef = F327114829F2C35400D2F047 /* Preview Assets.xcassets */; };
		F327115329F2C35400D2F047 /* GithubTests.swift in Sources */ = {isa = PBXBuildFile; fileRef = F327115229F2C35400D2F047 /* GithubTests.swift */; };
		F327115D29F2C35400D2F047 /* GithubUITests.swift in Sources */ = {isa = PBXBuildFile; fileRef = F327115C29F2C35400D2F047 /* GithubUITests.swift */; };
		F327115F29F2C35400D2F047 /* GithubUITestsLaunchTests.swift in Sources */ = {isa = PBXBuildFile; fileRef = F327115E29F2C35400D2F047 /* GithubUITestsLaunchTests.swift */; };
/* End PBXBuildFile section */

/* Begin PBXContainerItemProxy section */
		F327114F29F2C35400D2F047 /* PBXContainerItemProxy */ = {
			isa = PBXContainerItemProxy;
			containerPortal = F327113029F2C35200D2F047 /* Project object */;
			proxyType = 1;
			remoteGlobalIDString = F327113729F2C35200D2F047;
			remoteInfo = Github;
		};
		F327115929F2C35400D2F047 /* PBXContainerItemProxy */ = {
			isa = PBXContainerItemProxy;
			containerPortal = F327113029F2C35200D2F047 /* Project object */;
			proxyType = 1;
			remoteGlobalIDString = F327113729F2C35200D2F047;
			remoteInfo = Github;
		};
/* End PBXContainerItemProxy section */

/* Begin PBXFileReference section */
		F327113829F2C35200D2F047 /* Github.app */ = {isa = PBXFileReference; explicitFileType = wrapper.application; includeInIndex = 0; path = Github.app; sourceTree = BUILT_PRODUCTS_DIR; };
		F327113B29F2C35200D2F047 /* GithubApp.swift */ = {isa = PBXFileReference; lastKnownFileType = sourcecode.swift; path = GithubApp.swift; sourceTree = "<group>"; };
		F327113D29F2C35200D2F047 /* Persistence.swift */ = {isa = PBXFileReference; lastKnownFileType = sourcecode.swift; path = Persistence.swift; sourceTree = "<group>"; };
		F327114029F2C35200D2F047 /* Github.xcdatamodel */ = {isa = PBXFileReference; lastKnownFileType = wrapper.xcdatamodel; path = Github.xcdatamodel; sourceTree = "<group>"; };
		F327114229F2C35200D2F047 /* ContentView.swift */ = {isa = PBXFileReference; lastKnownFileType = sourcecode.swift; path = ContentView.swift; sourceTree = "<group>"; };
		F327114429F2C35400D2F047 /* Assets.xcassets */ = {isa = PBXFileReference; lastKnownFileType = folder.assetcatalog; path = Assets.xcassets; sourceTree = "<group>"; };
		F327114629F2C35400D2F047 /* Github.entitlements */ = {isa = PBXFileReference; lastKnownFileType = text.plist.entitlements; path = Github.entitlements; sourceTree = "<group>"; };
		F327114829F2C35400D2F047 /* Preview Assets.xcassets */ = {isa = PBXFileReference; lastKnownFileType = folder.assetcatalog; path = "Preview Assets.xcassets"; sourceTree = "<group>"; };
		F327114E29F2C35400D2F047 /* GithubTests.xctest */ = {isa = PBXFileReference; explicitFileType = wrapper.cfbundle; includeInIndex = 0; path = GithubTests.xctest; sourceTree = BUILT_PRODUCTS_DIR; };
		F327115229F2C35400D2F047 /* GithubTests.swift */ = {isa = PBXFileReference; lastKnownFileType = sourcecode.swift; path = GithubTests.swift; sourceTree = "<group>"; };
		F327115829F2C35400D2F047 /* GithubUITests.xctest */ = {isa = PBXFileReference; explicitFileType = wrapper.cfbundle; includeInIndex = 0; path = GithubUITests.xctest; sourceTree = BUILT_PRODUCTS_DIR; };
		F327115C29F2C35400D2F047 /* GithubUITests.swift */ = {isa = PBXFileReference; lastKnownFileType = sourcecode.swift; path = GithubUITests.swift; sourceTree = "<group>"; };
		F327115E29F2C35400D2F047 /* GithubUITestsLaunchTests.swift */ = {isa = PBXFileReference; lastKnownFileType = sourcecode.swift; path = GithubUITestsLaunchTests.swift; sourceTree = "<group>"; };
/* End PBXFileReference section */

/* Begin PBXFrameworksBuildPhase section */
		F327113529F2C35200D2F047 /* Frameworks */ = {
			isa = PBXFrameworksBuildPhase;
			buildActionMask = 2147483647;
			files = (
			);
			runOnlyForDeploymentPostprocessing = 0;
		};
		F327114B29F2C35400D2F047 /* Frameworks */ = {
			isa = PBXFrameworksBuildPhase;
			buildActionMask = 2147483647;
			files = (
			);
			runOnlyForDeploymentPostprocessing = 0;
		};
		F327115529F2C35400D2F047 /* Frameworks */ = {
			isa = PBXFrameworksBuildPhase;
			buildActionMask = 2147483647;
			files = (
			);
			runOnlyForDeploymentPostprocessing = 0;
		};
/* End PBXFrameworksBuildPhase section */

/* Begin PBXGroup section */
		F327112F29F2C35200D2F047 = {
			isa = PBXGroup;
			children = (
				F327113A29F2C35200D2F047 /* Github */,
				F327115129F2C35400D2F047 /* GithubTests */,
				F327115B29F2C35400D2F047 /* GithubUITests */,
				F327113929F2C35200D2F047 /* Products */,
			);
			sourceTree = "<group>";
		};
		F327113929F2C35200D2F047 /* Products */ = {
			isa = PBXGroup;
			children = (
				F327113829F2C35200D2F047 /* Github.app */,
				F327114E29F2C35400D2F047 /* GithubTests.xctest */,
				F327115829F2C35400D2F047 /* GithubUITests.xctest */,
			);
			name = Products;
			sourceTree = "<group>";
		};
		F327113A29F2C35200D2F047 /* Github */ = {
			isa = PBXGroup;
			children = (
				F327113B29F2C35200D2F047 /* GithubApp.swift */,
				F327113D29F2C35200D2F047 /* Persistence.swift */,
				F327114229F2C35200D2F047 /* ContentView.swift */,
				F327114429F2C35400D2F047 /* Assets.xcassets */,
				F327114629F2C35400D2F047 /* Github.entitlements */,
				F327113F29F2C35200D2F047 /* Github.xcdatamodeld */,
				F327114729F2C35400D2F047 /* Preview Content */,
			);
			path = Github;
			sourceTree = "<group>";
		};
		F327114729F2C35400D2F047 /* Preview Content */ = {
			isa = PBXGroup;
			children = (
				F327114829F2C35400D2F047 /* Preview Assets.xcassets */,
			);
			path = "Preview Content";
			sourceTree = "<group>";
		};
		F327115129F2C35400D2F047 /* GithubTests */ = {
			isa = PBXGroup;
			children = (
				F327115229F2C35400D2F047 /* GithubTests.swift */,
			);
			path = GithubTests;
			sourceTree = "<group>";
		};
		F327115B29F2C35400D2F047 /* GithubUITests */ = {
			isa = PBXGroup;
			children = (
				F327115C29F2C35400D2F047 /* GithubUITests.swift */,
				F327115E29F2C35400D2F047 /* GithubUITestsLaunchTests.swift */,
			);
			path = GithubUITests;
			sourceTree = "<group>";
		};
/* End PBXGroup section */

/* Begin PBXNativeTarget section */
		F327113729F2C35200D2F047 /* Github */ = {
			isa = PBXNativeTarget;
			buildConfigurationList = F327116229F2C35400D2F047 /* Build configuration list for PBXNativeTarget "Github" */;
			buildPhases = (
				F327113429F2C35200D2F047 /* Sources */,
				F327113529F2C35200D2F047 /* Frameworks */,
				F327113629F2C35200D2F047 /* Resources */,
			);
			buildRules = (
			);
			dependencies = (
			);
			name = Github;
			productName = Github;
			productReference = F327113829F2C35200D2F047 /* Github.app */;
			productType = "com.apple.product-type.application";
		};
		F327114D29F2C35400D2F047 /* GithubTests */ = {
			isa = PBXNativeTarget;
			buildConfigurationList = F327116529F2C35400D2F047 /* Build configuration list for PBXNativeTarget "GithubTests" */;
			buildPhases = (
				F327114A29F2C35400D2F047 /* Sources */,
				F327114B29F2C35400D2F047 /* Frameworks */,
				F327114C29F2C35400D2F047 /* Resources */,
			);
			buildRules = (
			);
			dependencies = (
				F327115029F2C35400D2F047 /* PBXTargetDependency */,
			);
			name = GithubTests;
			productName = GithubTests;
			productReference = F327114E29F2C35400D2F047 /* GithubTests.xctest */;
			productType = "com.apple.product-type.bundle.unit-test";
		};
		F327115729F2C35400D2F047 /* GithubUITests */ = {
			isa = PBXNativeTarget;
			buildConfigurationList = F327116829F2C35400D2F047 /* Build configuration list for PBXNativeTarget "GithubUITests" */;
			buildPhases = (
				F327115429F2C35400D2F047 /* Sources */,
				F327115529F2C35400D2F047 /* Frameworks */,
				F327115629F2C35400D2F047 /* Resources */,
			);
			buildRules = (
			);
			dependencies = (
				F327115A29F2C35400D2F047 /* PBXTargetDependency */,
			);
			name = GithubUITests;
			productName = GithubUITests;
			productReference = F327115829F2C35400D2F047 /* GithubUITests.xctest */;
			productType = "com.apple.product-type.bundle.ui-testing";
		};
/* End PBXNativeTarget section */

/* Begin PBXProject section */
		F327113029F2C35200D2F047 /* Project object */ = {
			isa = PBXProject;
			attributes = {
				BuildIndependentTargetsInParallel = 1;
				LastSwiftUpdateCheck = 1430;
				LastUpgradeCheck = 1430;
				TargetAttributes = {
					F327113729F2C35200D2F047 = {
						CreatedOnToolsVersion = 14.3;
					};
					F327114D29F2C35400D2F047 = {
						CreatedOnToolsVersion = 14.3;
						TestTargetID = F327113729F2C35200D2F047;
					};
					F327115729F2C35400D2F047 = {
						CreatedOnToolsVersion = 14.3;
						TestTargetID = F327113729F2C35200D2F047;
					};
				};
			};
			buildConfigurationList = F327113329F2C35200D2F047 /* Build configuration list for PBXProject "Github" */;
			compatibilityVersion = "Xcode 14.0";
			developmentRegion = en;
			hasScannedForEncodings = 0;
			knownRegions = (
				en,
				Base,
			);
			mainGroup = F327112F29F2C35200D2F047;
			productRefGroup = F327113929F2C35200D2F047 /* Products */;
			projectDirPath = "";
			projectRoot = "";
			targets = (
				F327113729F2C35200D2F047 /* Github */,
				F327114D29F2C35400D2F047 /* GithubTests */,
				F327115729F2C35400D2F047 /* GithubUITests */,
			);
		};
/* End PBXProject section */

/* Begin PBXResourcesBuildPhase section */
		F327113629F2C35200D2F047 /* Resources */ = {
			isa = PBXResourcesBuildPhase;
			buildActionMask = 2147483647;
			files = (
				F327114929F2C35400D2F047 /* Preview Assets.xcassets in Resources */,
				F327114529F2C35400D2F047 /* Assets.xcassets in Resources */,
			);
			runOnlyForDeploymentPostprocessing = 0;
		};
		F327114C29F2C35400D2F047 /* Resources */ = {
			isa = PBXResourcesBuildPhase;
			buildActionMask = 2147483647;
			files = (
			);
			runOnlyForDeploymentPostprocessing = 0;
		};
		F327115629F2C35400D2F047 /* Resources */ = {
			isa = PBXResourcesBuildPhase;
			buildActionMask = 2147483647;
			files = (
			);
			runOnlyForDeploymentPostprocessing = 0;
		};
/* End PBXResourcesBuildPhase section */

/* Begin PBXSourcesBuildPhase section */
		F327113429F2C35200D2F047 /* Sources */ = {
			isa = PBXSourcesBuildPhase;
			buildActionMask = 2147483647;
			files = (
				F327113C29F2C35200D2F047 /* GithubApp.swift in Sources */,
				F327113E29F2C35200D2F047 /* Persistence.swift in Sources */,
				F327114329F2C35200D2F047 /* ContentView.swift in Sources */,
				F327114129F2C35200D2F047 /* Github.xcdatamodeld in Sources */,
			);
			runOnlyForDeploymentPostprocessing = 0;
		};
		F327114A29F2C35400D2F047 /* Sources */ = {
			isa = PBXSourcesBuildPhase;
			buildActionMask = 2147483647;
			files = (
				F327115329F2C35400D2F047 /* GithubTests.swift in Sources */,
			);
			runOnlyForDeploymentPostprocessing = 0;
		};
		F327115429F2C35400D2F047 /* Sources */ = {
			isa = PBXSourcesBuildPhase;
			buildActionMask = 2147483647;
			files = (
				F327115D29F2C35400D2F047 /* GithubUITests.swift in Sources */,
				F327115F29F2C35400D2F047 /* GithubUITestsLaunchTests.swift in Sources */,
			);
			runOnlyForDeploymentPostprocessing = 0;
		};
/* End PBXSourcesBuildPhase section */

/* Begin PBXTargetDependency section */
		F327115029F2C35400D2F047 /* PBXTargetDependency */ = {
			isa = PBXTargetDependency;
			target = F327113729F2C35200D2F047 /* Github */;
			targetProxy = F327114F29F2C35400D2F047 /* PBXContainerItemProxy */;
		};
		F327115A29F2C35400D2F047 /* PBXTargetDependency */ = {
			isa = PBXTargetDependency;
			target = F327113729F2C35200D2F047 /* Github */;
			targetProxy = F327115929F2C35400D2F047 /* PBXContainerItemProxy */;
		};
/* End PBXTargetDependency section */

/* Begin XCBuildConfiguration section */
		F327116029F2C35400D2F047 /* Debug */ = {
			isa = XCBuildConfiguration;
			buildSettings = {
				ALWAYS_SEARCH_USER_PATHS = NO;
				CLANG_ANALYZER_NONNULL = YES;
				CLANG_ANALYZER_NUMBER_OBJECT_CONVERSION = YES_AGGRESSIVE;
				CLANG_CXX_LANGUAGE_STANDARD = "gnu++20";
				CLANG_ENABLE_MODULES = YES;
				CLANG_ENABLE_OBJC_ARC = YES;
				CLANG_ENABLE_OBJC_WEAK = YES;
				CLANG_WARN_BLOCK_CAPTURE_AUTORELEASING = YES;
				CLANG_WARN_BOOL_CONVERSION = YES;
				CLANG_WARN_COMMA = YES;
				CLANG_WARN_CONSTANT_CONVERSION = YES;
				CLANG_WARN_DEPRECATED_OBJC_IMPLEMENTATIONS = YES;
				CLANG_WARN_DIRECT_OBJC_ISA_USAGE = YES_ERROR;
				CLANG_WARN_DOCUMENTATION_COMMENTS = YES;
				CLANG_WARN_EMPTY_BODY = YES;
				CLANG_WARN_ENUM_CONVERSION = YES;
				CLANG_WARN_INFINITE_RECURSION = YES;
				CLANG_WARN_INT_CONVERSION = YES;
				CLANG_WARN_NON_LITERAL_NULL_CONVERSION = YES;
				CLANG_WARN_OBJC_IMPLICIT_RETAIN_SELF = YES;
				CLANG_WARN_OBJC_LITERAL_CONVERSION = YES;
				CLANG_WARN_OBJC_ROOT_CLASS = YES_ERROR;
				CLANG_WARN_QUOTED_INCLUDE_IN_FRAMEWORK_HEADER = YES;
				CLANG_WARN_RANGE_LOOP_ANALYSIS = YES;
				CLANG_WARN_STRICT_PROTOTYPES = YES;
				CLANG_WARN_SUSPICIOUS_MOVE = YES;
				CLANG_WARN_UNGUARDED_AVAILABILITY = YES_AGGRESSIVE;
				CLANG_WARN_UNREACHABLE_CODE = YES;
				CLANG_WARN__DUPLICATE_METHOD_MATCH = YES;
				COPY_PHASE_STRIP = NO;
				DEBUG_INFORMATION_FORMAT = dwarf;
				ENABLE_STRICT_OBJC_MSGSEND = YES;
				ENABLE_TESTABILITY = YES;
				GCC_C_LANGUAGE_STANDARD = gnu11;
				GCC_DYNAMIC_NO_PIC = NO;
				GCC_NO_COMMON_BLOCKS = YES;
				GCC_OPTIMIZATION_LEVEL = 0;
				GCC_PREPROCESSOR_DEFINITIONS = (
					"DEBUG=1",
					"$(inherited)",
				);
				GCC_WARN_64_TO_32_BIT_CONVERSION = YES;
				GCC_WARN_ABOUT_RETURN_TYPE = YES_ERROR;
				GCC_WARN_UNDECLARED_SELECTOR = YES;
				GCC_WARN_UNINITIALIZED_AUTOS = YES_AGGRESSIVE;
				GCC_WARN_UNUSED_FUNCTION = YES;
				GCC_WARN_UNUSED_VARIABLE = YES;
				MTL_ENABLE_DEBUG_INFO = INCLUDE_SOURCE;
				MTL_FAST_MATH = YES;
				ONLY_ACTIVE_ARCH = YES;
				SWIFT_ACTIVE_COMPILATION_CONDITIONS = DEBUG;
				SWIFT_OPTIMIZATION_LEVEL = "-Onone";
			};
			name = Debug;
		};
		F327116129F2C35400D2F047 /* Release */ = {
			isa = XCBuildConfiguration;
			buildSettings = {
				ALWAYS_SEARCH_USER_PATHS = NO;
				CLANG_ANALYZER_NONNULL = YES;
				CLANG_ANALYZER_NUMBER_OBJECT_CONVERSION = YES_AGGRESSIVE;
				CLANG_CXX_LANGUAGE_STANDARD = "gnu++20";
				CLANG_ENABLE_MODULES = YES;
				CLANG_ENABLE_OBJC_ARC = YES;
				CLANG_ENABLE_OBJC_WEAK = YES;
				CLANG_WARN_BLOCK_CAPTURE_AUTORELEASING = YES;
				CLANG_WARN_BOOL_CONVERSION = YES;
				CLANG_WARN_COMMA = YES;
				CLANG_WARN_CONSTANT_CONVERSION = YES;
				CLANG_WARN_DEPRECATED_OBJC_IMPLEMENTATIONS = YES;
				CLANG_WARN_DIRECT_OBJC_ISA_USAGE = YES_ERROR;
				CLANG_WARN_DOCUMENTATION_COMMENTS = YES;
				CLANG_WARN_EMPTY_BODY = YES;
				CLANG_WARN_ENUM_CONVERSION = YES;
				CLANG_WARN_INFINITE_RECURSION = YES;
				CLANG_WARN_INT_CONVERSION = YES;
				CLANG_WARN_NON_LITERAL_NULL_CONVERSION = YES;
				CLANG_WARN_OBJC_IMPLICIT_RETAIN_SELF = YES;
				CLANG_WARN_OBJC_LITERAL_CONVERSION = YES;
				CLANG_WARN_OBJC_ROOT_CLASS = YES_ERROR;
				CLANG_WARN_QUOTED_INCLUDE_IN_FRAMEWORK_HEADER = YES;
				CLANG_WARN_RANGE_LOOP_ANALYSIS = YES;
				CLANG_WARN_STRICT_PROTOTYPES = YES;
				CLANG_WARN_SUSPICIOUS_MOVE = YES;
				CLANG_WARN_UNGUARDED_AVAILABILITY = YES_AGGRESSIVE;
				CLANG_WARN_UNREACHABLE_CODE = YES;
				CLANG_WARN__DUPLICATE_METHOD_MATCH = YES;
				COPY_PHASE_STRIP = NO;
				DEBUG_INFORMATION_FORMAT = "dwarf-with-dsym";
				ENABLE_NS_ASSERTIONS = NO;
				ENABLE_STRICT_OBJC_MSGSEND = YES;
				GCC_C_LANGUAGE_STANDARD = gnu11;
				GCC_NO_COMMON_BLOCKS = YES;
				GCC_WARN_64_TO_32_BIT_CONVERSION = YES;
				GCC_WARN_ABOUT_RETURN_TYPE = YES_ERROR;
				GCC_WARN_UNDECLARED_SELECTOR = YES;
				GCC_WARN_UNINITIALIZED_AUTOS = YES_AGGRESSIVE;
				GCC_WARN_UNUSED_FUNCTION = YES;
				GCC_WARN_UNUSED_VARIABLE = YES;
				MTL_ENABLE_DEBUG_INFO = NO;
				MTL_FAST_MATH = YES;
				SWIFT_COMPILATION_MODE = wholemodule;
				SWIFT_OPTIMIZATION_LEVEL = "-O";
			};
			name = Release;
		};
		F327116329F2C35400D2F047 /* Debug */ = {
			isa = XCBuildConfiguration;
			buildSettings = {
				ASSETCATALOG_COMPILER_APPICON_NAME = AppIcon;
				ASSETCATALOG_COMPILER_GLOBAL_ACCENT_COLOR_NAME = AccentColor;
				CODE_SIGN_ENTITLEMENTS = Github/Github.entitlements;
				CODE_SIGN_STYLE = Automatic;
				CURRENT_PROJECT_VERSION = 1;
				DEVELOPMENT_ASSET_PATHS = "\"Github/Preview Content\"";
				DEVELOPMENT_TEAM = M59LSS8H3P;
				ENABLE_HARDENED_RUNTIME = YES;
				ENABLE_PREVIEWS = YES;
				GENERATE_INFOPLIST_FILE = YES;
				"INFOPLIST_KEY_UIApplicationSceneManifest_Generation[sdk=iphoneos*]" = YES;
				"INFOPLIST_KEY_UIApplicationSceneManifest_Generation[sdk=iphonesimulator*]" = YES;
				"INFOPLIST_KEY_UIApplicationSupportsIndirectInputEvents[sdk=iphoneos*]" = YES;
				"INFOPLIST_KEY_UIApplicationSupportsIndirectInputEvents[sdk=iphonesimulator*]" = YES;
				"INFOPLIST_KEY_UILaunchScreen_Generation[sdk=iphoneos*]" = YES;
				"INFOPLIST_KEY_UILaunchScreen_Generation[sdk=iphonesimulator*]" = YES;
				"INFOPLIST_KEY_UIStatusBarStyle[sdk=iphoneos*]" = UIStatusBarStyleDefault;
				"INFOPLIST_KEY_UIStatusBarStyle[sdk=iphonesimulator*]" = UIStatusBarStyleDefault;
				INFOPLIST_KEY_UISupportedInterfaceOrientations_iPad = "UIInterfaceOrientationPortrait UIInterfaceOrientationPortraitUpsideDown UIInterfaceOrientationLandscapeLeft UIInterfaceOrientationLandscapeRight";
				INFOPLIST_KEY_UISupportedInterfaceOrientations_iPhone = "UIInterfaceOrientationPortrait UIInterfaceOrientationLandscapeLeft UIInterfaceOrientationLandscapeRight";
				IPHONEOS_DEPLOYMENT_TARGET = 16.4;
				LD_RUNPATH_SEARCH_PATHS = "@executable_path/Frameworks";
				"LD_RUNPATH_SEARCH_PATHS[sdk=macosx*]" = "@executable_path/../Frameworks";
				MACOSX_DEPLOYMENT_TARGET = 13.3;
				MARKETING_VERSION = 1.0;
				PRODUCT_BUNDLE_IDENTIFIER = luigi.Github;
				PRODUCT_NAME = "$(TARGET_NAME)";
				SDKROOT = auto;
				SUPPORTED_PLATFORMS = "iphoneos iphonesimulator macosx";
				SWIFT_EMIT_LOC_STRINGS = YES;
				SWIFT_VERSION = 5.0;
				TARGETED_DEVICE_FAMILY = "1,2";
			};
			name = Debug;
		};
		F327116429F2C35400D2F047 /* Release */ = {
			isa = XCBuildConfiguration;
			buildSettings = {
				ASSETCATALOG_COMPILER_APPICON_NAME = AppIcon;
				ASSETCATALOG_COMPILER_GLOBAL_ACCENT_COLOR_NAME = AccentColor;
				CODE_SIGN_ENTITLEMENTS = Github/Github.entitlements;
				CODE_SIGN_STYLE = Automatic;
				CURRENT_PROJECT_VERSION = 1;
				DEVELOPMENT_ASSET_PATHS = "\"Github/Preview Content\"";
				DEVELOPMENT_TEAM = M59LSS8H3P;
				ENABLE_HARDENED_RUNTIME = YES;
				ENABLE_PREVIEWS = YES;
				GENERATE_INFOPLIST_FILE = YES;
				"INFOPLIST_KEY_UIApplicationSceneManifest_Generation[sdk=iphoneos*]" = YES;
				"INFOPLIST_KEY_UIApplicationSceneManifest_Generation[sdk=iphonesimulator*]" = YES;
				"INFOPLIST_KEY_UIApplicationSupportsIndirectInputEvents[sdk=iphoneos*]" = YES;
				"INFOPLIST_KEY_UIApplicationSupportsIndirectInputEvents[sdk=iphonesimulator*]" = YES;
				"INFOPLIST_KEY_UILaunchScreen_Generation[sdk=iphoneos*]" = YES;
				"INFOPLIST_KEY_UILaunchScreen_Generation[sdk=iphonesimulator*]" = YES;
				"INFOPLIST_KEY_UIStatusBarStyle[sdk=iphoneos*]" = UIStatusBarStyleDefault;
				"INFOPLIST_KEY_UIStatusBarStyle[sdk=iphonesimulator*]" = UIStatusBarStyleDefault;
				INFOPLIST_KEY_UISupportedInterfaceOrientations_iPad = "UIInterfaceOrientationPortrait UIInterfaceOrientationPortraitUpsideDown UIInterfaceOrientationLandscapeLeft UIInterfaceOrientationLandscapeRight";
				INFOPLIST_KEY_UISupportedInterfaceOrientations_iPhone = "UIInterfaceOrientationPortrait UIInterfaceOrientationLandscapeLeft UIInterfaceOrientationLandscapeRight";
				IPHONEOS_DEPLOYMENT_TARGET = 16.4;
				LD_RUNPATH_SEARCH_PATHS = "@executable_path/Frameworks";
				"LD_RUNPATH_SEARCH_PATHS[sdk=macosx*]" = "@executable_path/../Frameworks";
				MACOSX_DEPLOYMENT_TARGET = 13.3;
				MARKETING_VERSION = 1.0;
				PRODUCT_BUNDLE_IDENTIFIER = luigi.Github;
				PRODUCT_NAME = "$(TARGET_NAME)";
				SDKROOT = auto;
				SUPPORTED_PLATFORMS = "iphoneos iphonesimulator macosx";
				SWIFT_EMIT_LOC_STRINGS = YES;
				SWIFT_VERSION = 5.0;
				TARGETED_DEVICE_FAMILY = "1,2";
			};
			name = Release;
		};
		F327116629F2C35400D2F047 /* Debug */ = {
			isa = XCBuildConfiguration;
			buildSettings = {
				ALWAYS_EMBED_SWIFT_STANDARD_LIBRARIES = YES;
				BUNDLE_LOADER = "$(TEST_HOST)";
				CODE_SIGN_STYLE = Automatic;
				CURRENT_PROJECT_VERSION = 1;
				DEVELOPMENT_TEAM = M59LSS8H3P;
				GENERATE_INFOPLIST_FILE = YES;
				IPHONEOS_DEPLOYMENT_TARGET = 16.4;
				MACOSX_DEPLOYMENT_TARGET = 13.3;
				MARKETING_VERSION = 1.0;
				PRODUCT_BUNDLE_IDENTIFIER = luigi.GithubTests;
				PRODUCT_NAME = "$(TARGET_NAME)";
				SDKROOT = auto;
				SUPPORTED_PLATFORMS = "iphoneos iphonesimulator macosx";
				SWIFT_EMIT_LOC_STRINGS = NO;
				SWIFT_VERSION = 5.0;
				TARGETED_DEVICE_FAMILY = "1,2";
				TEST_HOST = "$(BUILT_PRODUCTS_DIR)/Github.app/$(BUNDLE_EXECUTABLE_FOLDER_PATH)/Github";
			};
			name = Debug;
		};
		F327116729F2C35400D2F047 /* Release */ = {
			isa = XCBuildConfiguration;
			buildSettings = {
				ALWAYS_EMBED_SWIFT_STANDARD_LIBRARIES = YES;
				BUNDLE_LOADER = "$(TEST_HOST)";
				CODE_SIGN_STYLE = Automatic;
				CURRENT_PROJECT_VERSION = 1;
				DEVELOPMENT_TEAM = M59LSS8H3P;
				GENERATE_INFOPLIST_FILE = YES;
				IPHONEOS_DEPLOYMENT_TARGET = 16.4;
				MACOSX_DEPLOYMENT_TARGET = 13.3;
				MARKETING_VERSION = 1.0;
				PRODUCT_BUNDLE_IDENTIFIER = luigi.GithubTests;
				PRODUCT_NAME = "$(TARGET_NAME)";
				SDKROOT = auto;
				SUPPORTED_PLATFORMS = "iphoneos iphonesimulator macosx";
				SWIFT_EMIT_LOC_STRINGS = NO;
				SWIFT_VERSION = 5.0;
				TARGETED_DEVICE_FAMILY = "1,2";
				TEST_HOST = "$(BUILT_PRODUCTS_DIR)/Github.app/$(BUNDLE_EXECUTABLE_FOLDER_PATH)/Github";
			};
			name = Release;
		};
		F327116929F2C35400D2F047 /* Debug */ = {
			isa = XCBuildConfiguration;
			buildSettings = {
				ALWAYS_EMBED_SWIFT_STANDARD_LIBRARIES = YES;
				CODE_SIGN_STYLE = Automatic;
				CURRENT_PROJECT_VERSION = 1;
				DEVELOPMENT_TEAM = M59LSS8H3P;
				GENERATE_INFOPLIST_FILE = YES;
				IPHONEOS_DEPLOYMENT_TARGET = 16.4;
				MACOSX_DEPLOYMENT_TARGET = 13.3;
				MARKETING_VERSION = 1.0;
				PRODUCT_BUNDLE_IDENTIFIER = luigi.GithubUITests;
				PRODUCT_NAME = "$(TARGET_NAME)";
				SDKROOT = auto;
				SUPPORTED_PLATFORMS = "iphoneos iphonesimulator macosx";
				SWIFT_EMIT_LOC_STRINGS = NO;
				SWIFT_VERSION = 5.0;
				TARGETED_DEVICE_FAMILY = "1,2";
				TEST_TARGET_NAME = Github;
			};
			name = Debug;
		};
		F327116A29F2C35400D2F047 /* Release */ = {
			isa = XCBuildConfiguration;
			buildSettings = {
				ALWAYS_EMBED_SWIFT_STANDARD_LIBRARIES = YES;
				CODE_SIGN_STYLE = Automatic;
				CURRENT_PROJECT_VERSION = 1;
				DEVELOPMENT_TEAM = M59LSS8H3P;
				GENERATE_INFOPLIST_FILE = YES;
				IPHONEOS_DEPLOYMENT_TARGET = 16.4;
				MACOSX_DEPLOYMENT_TARGET = 13.3;
				MARKETING_VERSION = 1.0;
				PRODUCT_BUNDLE_IDENTIFIER = luigi.GithubUITests;
				PRODUCT_NAME = "$(TARGET_NAME)";
				SDKROOT = auto;
				SUPPORTED_PLATFORMS = "iphoneos iphonesimulator macosx";
				SWIFT_EMIT_LOC_STRINGS = NO;
				SWIFT_VERSION = 5.0;
				TARGETED_DEVICE_FAMILY = "1,2";
				TEST_TARGET_NAME = Github;
			};
			name = Release;
		};
/* End XCBuildConfiguration section */

/* Begin XCConfigurationList section */
		F327113329F2C35200D2F047 /* Build configuration list for PBXProject "Github" */ = {
			isa = XCConfigurationList;
			buildConfigurations = (
				F327116029F2C35400D2F047 /* Debug */,
				F327116129F2C35400D2F047 /* Release */,
			);
			defaultConfigurationIsVisible = 0;
			defaultConfigurationName = Release;
		};
		F327116229F2C35400D2F047 /* Build configuration list for PBXNativeTarget "Github" */ = {
			isa = XCConfigurationList;
			buildConfigurations = (
				F327116329F2C35400D2F047 /* Debug */,
				F327116429F2C35400D2F047 /* Release */,
			);
			defaultConfigurationIsVisible = 0;
			defaultConfigurationName = Release;
		};
		F327116529F2C35400D2F047 /* Build configuration list for PBXNativeTarget "GithubTests" */ = {
			isa = XCConfigurationList;
			buildConfigurations = (
				F327116629F2C35400D2F047 /* Debug */,
				F327116729F2C35400D2F047 /* Release */,
			);
			defaultConfigurationIsVisible = 0;
			defaultConfigurationName = Release;
		};
		F327116829F2C35400D2F047 /* Build configuration list for PBXNativeTarget "GithubUITests" */ = {
			isa = XCConfigurationList;
			buildConfigurations = (
				F327116929F2C35400D2F047 /* Debug */,
				F327116A29F2C35400D2F047 /* Release */,
			);
			defaultConfigurationIsVisible = 0;
			defaultConfigurationName = Release;
		};
/* End XCConfigurationList section */

/* Begin XCVersionGroup section */
		F327113F29F2C35200D2F047 /* Github.xcdatamodeld */ = {
			isa = XCVersionGroup;
			children = (
				F327114029F2C35200D2F047 /* Github.xcdatamodel */,
			);
			currentVersion = F327114029F2C35200D2F047 /* Github.xcdatamodel */;
			path = Github.xcdatamodeld;
			sourceTree = "<group>";
			versionGroupType = wrapper.xcdatamodel;
		};
/* End XCVersionGroup section */
	};
	rootObject = F327113029F2C35200D2F047 /* Project object */;
}
